Microsoft Visual Studio Solution File, Format Version 12.00
# Visual Studio Version 17
VisualStudioVersion = 17.5.2.0
MinimumVisualStudioVersion = 10.0.40219.1
Project("{FAE04EC0-301F-11D3-BF4B-00C04F79EFBC}") = "NCacheTestClient", "NCacheTestClient.csproj", "{B6F85935-B673-7A6A-A6A8-172033BC1AB5}"
EndProject
Global
	GlobalSection(SolutionConfigurationPlatforms) = preSolution
		Debug|Any CPU = Debug|Any CPU
		Release|Any CPU = Release|Any CPU
	EndGlobalSection
	GlobalSection(ProjectConfigurationPlatforms) = postSolution
		{B6F85935-B673-7A6A-A6A8-172033BC1AB5}.Debug|Any CPU.ActiveCfg = Debug|Any CPU
		{B6F85935-B673-7A6A-A6A8-172033BC1AB5}.Debug|Any CPU.Build.0 = Debug|Any CPU
		{B6F85935-B673-7A6A-A6A8-172033BC1AB5}.Release|Any CPU.ActiveCfg = Release|Any CPU
		{B6F85935-B673-7A6A-A6A8-172033BC1AB5}.Release|Any CPU.Build.0 = Release|Any CPU
	EndGlobalSection
	GlobalSection(SolutionProperties) = preSolution
		HideSolutionNode = FALSE
	EndGlobalSection
	GlobalSection(ExtensibilityGlobals) = postSolution
		SolutionGuid = {B8A25DB0-AA90-422E-9040-B31C8504AC4E}
	EndGlobalSection
EndGlobal
